
Microsoft Visual Studio Solution File, Format Version 12.00
# Visual Studio Version 17
VisualStudioVersion = 17.0.31612.314
MinimumVisualStudioVersion = 10.0.40219.1
Project("{9A19103F-16F7-4668-BE54-9A1E7A4F7556}") = "CompanyEmployees", "Web Api\CompanyEmployees\CompanyEmployees\CompanyEmployees.csproj", "{8980D1CF-20AB-488F-A809-A297D21DAE9A}"
EndProject
Project("{9A19103F-16F7-4668-BE54-9A1E7A4F7556}") = "Contracts", "Web Api\CompanyEmployees\Contracts\Contracts.csproj", "{D573853A-C4FE-4F59-A6C2-5BD50D481551}"
EndProject
Project("{9A19103F-16F7-4668-BE54-9A1E7A4F7556}") = "LoggerService", "Web Api\CompanyEmployees\LoggerService\LoggerService.csproj", "{CAEEE4DD-EC8B-4DA5-B8A6-894B0FC799E3}"
EndProject
Project("{9A19103F-16F7-4668-BE54-9A1E7A4F7556}") = "Entities", "Web Api\CompanyEmployees\Entities\Entities.csproj", "{48986B5B-FFB7-44D7-9A7E-76BC389EA83B}"
EndProject
Project("{9A19103F-16F7-4668-BE54-9A1E7A4F7556}") = "Repository", "Web Api\CompanyEmployees\Repository\Repository.csproj", "{80FA5BD0-F17B-4F58-925D-EC359B951EB8}"
EndProject
Project("{2150E333-8FDC-42A3-9474-1A3956D46DE8}") = "CompanyEmployees", "CompanyEmployees", "{F57946DE-E4C7-4338-835C-D15D37D172F5}"
EndProject
Project("{9A19103F-16F7-4668-BE54-9A1E7A4F7556}") = "CompanyEmployees.OAuth", "CompanyEmployees.OAuth\CompanyEmployees.OAuth\CompanyEmployees.OAuth.csproj", "{FF34143A-60E7-4DD9-98E9-B57C57A961BF}"
EndProject
Project("{9A19103F-16F7-4668-BE54-9A1E7A4F7556}") = "BlazorWebAssembly.Client", "BlazorWebAssembly.Client\BlazorWebAssembly.Client\BlazorWebAssembly.Client.csproj", "{B05DB8AB-19B1-4DD6-A275-A373FEE7BE8F}"
EndProject
Global
	GlobalSection(SolutionConfigurationPlatforms) = preSolution
		Debug|Any CPU = Debug|Any CPU
		Release|Any CPU = Release|Any CPU
	EndGlobalSection
	GlobalSection(ProjectConfigurationPlatforms) = postSolution
		{8980D1CF-20AB-488F-A809-A297D21DAE9A}.Debug|Any CPU.ActiveCfg = Debug|Any CPU
		{8980D1CF-20AB-488F-A809-A297D21DAE9A}.Debug|Any CPU.Build.0 = Debug|Any CPU
		{8980D1CF-20AB-488F-A809-A297D21DAE9A}.Release|Any CPU.ActiveCfg = Release|Any CPU
		{8980D1CF-20AB-488F-A809-A297D21DAE9A}.Release|Any CPU.Build.0 = Release|Any CPU
		{D573853A-C4FE-4F59-A6C2-5BD50D481551}.Debug|Any CPU.ActiveCfg = Debug|Any CPU
		{D573853A-C4FE-4F59-A6C2-5BD50D481551}.Debug|Any CPU.Build.0 = Debug|Any CPU
		{D573853A-C4FE-4F59-A6C2-5BD50D481551}.Release|Any CPU.ActiveCfg = Release|Any CPU
		{D573853A-C4FE-4F59-A6C2-5BD50D481551}.Release|Any CPU.Build.0 = Release|Any CPU
		{CAEEE4DD-EC8B-4DA5-B8A6-894B0FC799E3}.Debug|Any CPU.ActiveCfg = Debug|Any CPU
		{CAEEE4DD-EC8B-4DA5-B8A6-894B0FC799E3}.Debug|Any CPU.Build.0 = Debug|Any CPU
		{CAEEE4DD-EC8B-4DA5-B8A6-894B0FC799E3}.Release|Any CPU.ActiveCfg = Release|Any CPU
		{CAEEE4DD-EC8B-4DA5-B8A6-894B0FC799E3}.Release|Any CPU.Build.0 = Release|Any CPU
		{48986B5B-FFB7-44D7-9A7E-76BC389EA83B}.Debug|Any CPU.ActiveCfg = Debug|Any CPU
		{48986B5B-FFB7-44D7-9A7E-76BC389EA83B}.Debug|Any CPU.Build.0 = Debug|Any CPU
		{48986B5B-FFB7-44D7-9A7E-76BC389EA83B}.Release|Any CPU.ActiveCfg = Release|Any CPU
		{48986B5B-FFB7-44D7-9A7E-76BC389EA83B}.Release|Any CPU.Build.0 = Release|Any CPU
		{80FA5BD0-F17B-4F58-925D-EC359B951EB8}.Debug|Any CPU.ActiveCfg = Debug|Any CPU
		{80FA5BD0-F17B-4F58-925D-EC359B951EB8}.Debug|Any CPU.Build.0 = Debug|Any CPU
		{80FA5BD0-F17B-4F58-925D-EC359B951EB8}.Release|Any CPU.ActiveCfg = Release|Any CPU
		{80FA5BD0-F17B-4F58-925D-EC359B951EB8}.Release|Any CPU.Build.0 = Release|Any CPU
		{FF34143A-60E7-4DD9-98E9-B57C57A961BF}.Debug|Any CPU.ActiveCfg = Debug|Any CPU
		{FF34143A-60E7-4DD9-98E9-B57C57A961BF}.Debug|Any CPU.Build.0 = Debug|Any CPU
		{FF34143A-60E7-4DD9-98E9-B57C57A961BF}.Release|Any CPU.ActiveCfg = Release|Any CPU
		{FF34143A-60E7-4DD9-98E9-B57C57A961BF}.Release|Any CPU.Build.0 = Release|Any CPU
		{B05DB8AB-19B1-4DD6-A275-A373FEE7BE8F}.Debug|Any CPU.ActiveCfg = Debug|Any CPU
		{B05DB8AB-19B1-4DD6-A275-A373FEE7BE8F}.Debug|Any CPU.Build.0 = Debug|Any CPU
		{B05DB8AB-19B1-4DD6-A275-A373FEE7BE8F}.Release|Any CPU.ActiveCfg = Release|Any CPU
		{B05DB8AB-19B1-4DD6-A275-A373FEE7BE8F}.Release|Any CPU.Build.0 = Release|Any CPU
	EndGlobalSection
	GlobalSection(SolutionProperties) = preSolution
		HideSolutionNode = FALSE
	EndGlobalSection
	GlobalSection(NestedProjects) = preSolution
		{8980D1CF-20AB-488F-A809-A297D21DAE9A} = {F57946DE-E4C7-4338-835C-D15D37D172F5}
		{D573853A-C4FE-4F59-A6C2-5BD50D481551} = {F57946DE-E4C7-4338-835C-D15D37D172F5}
		{CAEEE4DD-EC8B-4DA5-B8A6-894B0FC799E3} = {F57946DE-E4C7-4338-835C-D15D37D172F5}
		{48986B5B-FFB7-44D7-9A7E-76BC389EA83B} = {F57946DE-E4C7-4338-835C-D15D37D172F5}
		{80FA5BD0-F17B-4F58-925D-EC359B951EB8} = {F57946DE-E4C7-4338-835C-D15D37D172F5}
	EndGlobalSection
	GlobalSection(ExtensibilityGlobals) = postSolution
		SolutionGuid = {7E2E5905-0DED-4CBE-804E-1A7A08496593}
	EndGlobalSection
EndGlobal
